
Microsoft Visual Studio Solution File, Format Version 12.00
# Visual Studio Version 16
VisualStudioVersion = 16.0.30804.86
MinimumVisualStudioVersion = 10.0.40219.1
Project("{FAE04EC0-301F-11D3-BF4B-00C04F79EFBC}") = "XamEFCore.Android", "XamEFCore\XamEFCore.Android\XamEFCore.Android.csproj", "{3CF5988E-F5E3-44FA-B424-45B3C882A466}"
EndProject
Project("{FAE04EC0-301F-11D3-BF4B-00C04F79EFBC}") = "XamEFCore.iOS", "XamEFCore\XamEFCore.iOS\XamEFCore.iOS.csproj", "{1D883931-3CB9-4172-B620-FAB674B8ABA5}"
EndProject
Project("{FAE04EC0-301F-11D3-BF4B-00C04F79EFBC}") = "XamEFCore", "XamEFCore\XamEFCore\XamEFCore.csproj", "{7F11A122-72E5-4EE2-9DCF-E8A6D0FB8FF3}"
EndProject
Global
	GlobalSection(SolutionConfigurationPlatforms) = preSolution
		Debug|Any CPU = Debug|Any CPU
		Debug|iPhone = Debug|iPhone
		Debug|iPhoneSimulator = Debug|iPhoneSimulator
		Release|Any CPU = Release|Any CPU
		Release|iPhone = Release|iPhone
		Release|iPhoneSimulator = Release|iPhoneSimulator
	EndGlobalSection
	GlobalSection(ProjectConfigurationPlatforms) = postSolution
		{3CF5988E-F5E3-44FA-B424-45B3C882A466}.Debug|Any CPU.ActiveCfg = Debug|Any CPU
		{3CF5988E-F5E3-44FA-B424-45B3C882A466}.Debug|Any CPU.Build.0 = Debug|Any CPU
		{3CF5988E-F5E3-44FA-B424-45B3C882A466}.Debug|Any CPU.Deploy.0 = Debug|Any CPU
		{3CF5988E-F5E3-44FA-B424-45B3C882A466}.Debug|iPhone.ActiveCfg = Debug|Any CPU
		{3CF5988E-F5E3-44FA-B424-45B3C882A466}.Debug|iPhone.Build.0 = Debug|Any CPU
		{3CF5988E-F5E3-44FA-B424-45B3C882A466}.Debug|iPhone.Deploy.0 = Debug|Any CPU
		{3CF5988E-F5E3-44FA-B424-45B3C882A466}.Debug|iPhoneSimulator.ActiveCfg = Debug|Any CPU
		{3CF5988E-F5E3-44FA-B424-45B3C882A466}.Debug|iPhoneSimulator.Build.0 = Debug|Any CPU
		{3CF5988E-F5E3-44FA-B424-45B3C882A466}.Debug|iPhoneSimulator.Deploy.0 = Debug|Any CPU
		{3CF5988E-F5E3-44FA-B424-45B3C882A466}.Release|Any CPU.ActiveCfg = Release|Any CPU
		{3CF5988E-F5E3-44FA-B424-45B3C882A466}.Release|Any CPU.Build.0 = Release|Any CPU
		{3CF5988E-F5E3-44FA-B424-45B3C882A466}.Release|Any CPU.Deploy.0 = Release|Any CPU
		{3CF5988E-F5E3-44FA-B424-45B3C882A466}.Release|iPhone.ActiveCfg = Release|Any CPU
		{3CF5988E-F5E3-44FA-B424-45B3C882A466}.Release|iPhone.Build.0 = Release|Any CPU
		{3CF5988E-F5E3-44FA-B424-45B3C882A466}.Release|iPhone.Deploy.0 = Release|Any CPU
		{3CF5988E-F5E3-44FA-B424-45B3C882A466}.Release|iPhoneSimulator.ActiveCfg = Release|Any CPU
		{3CF5988E-F5E3-44FA-B424-45B3C882A466}.Release|iPhoneSimulator.Build.0 = Release|Any CPU
		{3CF5988E-F5E3-44FA-B424-45B3C882A466}.Release|iPhoneSimulator.Deploy.0 = Release|Any CPU
		{1D883931-3CB9-4172-B620-FAB674B8ABA5}.Debug|Any CPU.ActiveCfg = Debug|iPhone
		{1D883931-3CB9-4172-B620-FAB674B8ABA5}.Debug|Any CPU.Build.0 = Debug|iPhone
		{1D883931-3CB9-4172-B620-FAB674B8ABA5}.Debug|Any CPU.Deploy.0 = Debug|iPhone
		{1D883931-3CB9-4172-B620-FAB674B8ABA5}.Debug|iPhone.ActiveCfg = Debug|iPhone
		{1D883931-3CB9-4172-B620-FAB674B8ABA5}.Debug|iPhone.Build.0 = Debug|iPhone
		{1D883931-3CB9-4172-B620-FAB674B8ABA5}.Debug|iPhone.Deploy.0 = Debug|iPhone
		{1D883931-3CB9-4172-B620-FAB674B8ABA5}.Debug|iPhoneSimulator.ActiveCfg = Debug|iPhoneSimulator
		{1D883931-3CB9-4172-B620-FAB674B8ABA5}.Debug|iPhoneSimulator.Build.0 = Debug|iPhoneSimulator
		{1D883931-3CB9-4172-B620-FAB674B8ABA5}.Debug|iPhoneSimulator.Deploy.0 = Debug|iPhoneSimulator
		{1D883931-3CB9-4172-B620-FAB674B8ABA5}.Release|Any CPU.ActiveCfg = Release|iPhoneSimulator
		{1D883931-3CB9-4172-B620-FAB674B8ABA5}.Release|Any CPU.Build.0 = Release|iPhoneSimulator
		{1D883931-3CB9-4172-B620-FAB674B8ABA5}.Release|Any CPU.Deploy.0 = Release|iPhoneSimulator
		{1D883931-3CB9-4172-B620-FAB674B8ABA5}.Release|iPhone.ActiveCfg = Release|iPhone
		{1D883931-3CB9-4172-B620-FAB674B8ABA5}.Release|iPhone.Build.0 = Release|iPhone
		{1D883931-3CB9-4172-B620-FAB674B8ABA5}.Release|iPhone.Deploy.0 = Release|iPhone
		{1D883931-3CB9-4172-B620-FAB674B8ABA5}.Release|iPhoneSimulator.ActiveCfg = Release|iPhoneSimulator
		{1D883931-3CB9-4172-B620-FAB674B8ABA5}.Release|iPhoneSimulator.Build.0 = Release|iPhoneSimulator
		{1D883931-3CB9-4172-B620-FAB674B8ABA5}.Release|iPhoneSimulator.Deploy.0 = Release|iPhoneSimulator
		{7F11A122-72E5-4EE2-9DCF-E8A6D0FB8FF3}.Debug|Any CPU.ActiveCfg = Debug|Any CPU
		{7F11A122-72E5-4EE2-9DCF-E8A6D0FB8FF3}.Debug|Any CPU.Build.0 = Debug|Any CPU
		{7F11A122-72E5-4EE2-9DCF-E8A6D0FB8FF3}.Debug|Any CPU.Deploy.0 = Debug|Any CPU
		{7F11A122-72E5-4EE2-9DCF-E8A6D0FB8FF3}.Debug|iPhone.ActiveCfg = Debug|Any CPU
		{7F11A122-72E5-4EE2-9DCF-E8A6D0FB8FF3}.Debug|iPhone.Build.0 = Debug|Any CPU
		{7F11A122-72E5-4EE2-9DCF-E8A6D0FB8FF3}.Debug|iPhone.Deploy.0 = Debug|Any CPU
		{7F11A122-72E5-4EE2-9DCF-E8A6D0FB8FF3}.Debug|iPhoneSimulator.ActiveCfg = Debug|Any CPU
		{7F11A122-72E5-4EE2-9DCF-E8A6D0FB8FF3}.Debug|iPhoneSimulator.Build.0 = Debug|Any CPU
		{7F11A122-72E5-4EE2-9DCF-E8A6D0FB8FF3}.Debug|iPhoneSimulator.Deploy.0 = Debug|Any CPU
		{7F11A122-72E5-4EE2-9DCF-E8A6D0FB8FF3}.Release|Any CPU.ActiveCfg = Release|Any CPU
		{7F11A122-72E5-4EE2-9DCF-E8A6D0FB8FF3}.Release|Any CPU.Build.0 = Release|Any CPU
		{7F11A122-72E5-4EE2-9DCF-E8A6D0FB8FF3}.Release|Any CPU.Deploy.0 = Release|Any CPU
		{7F11A122-72E5-4EE2-9DCF-E8A6D0FB8FF3}.Release|iPhone.ActiveCfg = Release|Any CPU
		{7F11A122-72E5-4EE2-9DCF-E8A6D0FB8FF3}.Release|iPhone.Build.0 = Release|Any CPU
		{7F11A122-72E5-4EE2-9DCF-E8A6D0FB8FF3}.Release|iPhone.Deploy.0 = Release|Any CPU
		{7F11A122-72E5-4EE2-9DCF-E8A6D0FB8FF3}.Release|iPhoneSimulator.ActiveCfg = Release|Any CPU
		{7F11A122-72E5-4EE2-9DCF-E8A6D0FB8FF3}.Release|iPhoneSimulator.Build.0 = Release|Any CPU
		{7F11A122-72E5-4EE2-9DCF-E8A6D0FB8FF3}.Release|iPhoneSimulator.Deploy.0 = Release|Any CPU
	EndGlobalSection
	GlobalSection(SolutionProperties) = preSolution
		HideSolutionNode = FALSE
	EndGlobalSection
	GlobalSection(ExtensibilityGlobals) = postSolution
		SolutionGuid = {5FCEBE88-4754-4229-AA51-331790899614}
	EndGlobalSection
EndGlobal
